
Microsoft Visual Studio Solution File, Format Version 12.00
# Visual Studio 15
VisualStudioVersion = 15.0.28307.329
MinimumVisualStudioVersion = 10.0.40219.1
Project("{9A19103F-16F7-4668-BE54-9A1E7A4F7556}") = "PPL.App", "PPL.App\PPL.App.csproj", "{20685D4A-93C5-41EE-BB9F-1C1F84ECA5B5}"
EndProject
Project("{9A19103F-16F7-4668-BE54-9A1E7A4F7556}") = "PPL.Test", "PPL.Test\PPL.Test.csproj", "{4448C786-ED7C-4A8E-8F8B-DBA924BC84BC}"
EndProject
Project("{9A19103F-16F7-4668-BE54-9A1E7A4F7556}") = "PPL.Test.Helper", "PPL.Test.Helper\PPL.Test.Helper.csproj", "{768AE173-FF16-49FD-922E-6D00B3B62CEC}"
EndProject
Global
	GlobalSection(SolutionConfigurationPlatforms) = preSolution
		Debug|Any CPU = Debug|Any CPU
		Release|Any CPU = Release|Any CPU
	EndGlobalSection
	GlobalSection(ProjectConfigurationPlatforms) = postSolution
		{20685D4A-93C5-41EE-BB9F-1C1F84ECA5B5}.Debug|Any CPU.ActiveCfg = Debug|Any CPU
		{20685D4A-93C5-41EE-BB9F-1C1F84ECA5B5}.Debug|Any CPU.Build.0 = Debug|Any CPU
		{20685D4A-93C5-41EE-BB9F-1C1F84ECA5B5}.Release|Any CPU.ActiveCfg = Release|Any CPU
		{20685D4A-93C5-41EE-BB9F-1C1F84ECA5B5}.Release|Any CPU.Build.0 = Release|Any CPU
		{4448C786-ED7C-4A8E-8F8B-DBA924BC84BC}.Debug|Any CPU.ActiveCfg = Debug|Any CPU
		{4448C786-ED7C-4A8E-8F8B-DBA924BC84BC}.Debug|Any CPU.Build.0 = Debug|Any CPU
		{4448C786-ED7C-4A8E-8F8B-DBA924BC84BC}.Release|Any CPU.ActiveCfg = Release|Any CPU
		{4448C786-ED7C-4A8E-8F8B-DBA924BC84BC}.Release|Any CPU.Build.0 = Release|Any CPU
		{768AE173-FF16-49FD-922E-6D00B3B62CEC}.Debug|Any CPU.ActiveCfg = Debug|Any CPU
		{768AE173-FF16-49FD-922E-6D00B3B62CEC}.Debug|Any CPU.Build.0 = Debug|Any CPU
		{768AE173-FF16-49FD-922E-6D00B3B62CEC}.Release|Any CPU.ActiveCfg = Release|Any CPU
		{768AE173-FF16-49FD-922E-6D00B3B62CEC}.Release|Any CPU.Build.0 = Release|Any CPU
	EndGlobalSection
	GlobalSection(SolutionProperties) = preSolution
		HideSolutionNode = FALSE
	EndGlobalSection
	GlobalSection(ExtensibilityGlobals) = postSolution
		SolutionGuid = {27688331-F754-4A4C-BDB6-4135C1B79C38}
	EndGlobalSection
EndGlobal
